// !$*UTF8*$!
{
	archiveVersion = 1;
	classes = {
	};
	objectVersion = 55;
	objects = {

/* Begin PBXBuildFile section */
		04030C04296755E1006EF9BE /* ZZNotificationManager.framework in Frameworks */ = {isa = PBXBuildFile; fileRef = 045EB25B2960607A00483203 /* ZZNotificationManager.framework */; };
		04030C0A296755E1006EF9BE /* CLOCNotificationManagerTests.swift in Sources */ = {isa = PBXBuildFile; fileRef = 04030BF2296755E1006EF9BE /* CLOCNotificationManagerTests.swift */; };
		04030C0B296755E1006EF9BE /* MockNotificationCenter.swift in Sources */ = {isa = PBXBuildFile; fileRef = 04444A3B291A779800B6273B /* MockNotificationCenter.swift */; };
		04030C0C296755E1006EF9BE /* XCTestCase+MemoryLeakTracking.swift in Sources */ = {isa = PBXBuildFile; fileRef = 04E3D60D2961F0F6002D64A7 /* XCTestCase+MemoryLeakTracking.swift */; };
		04030C0D296755E1006EF9BE /* Date+GetComponents.swift in Sources */ = {isa = PBXBuildFile; fileRef = 04444A38291A772300B6273B /* Date+GetComponents.swift */; };
		04030C10296755E1006EF9BE /* TimerDidStopUseCaseTests.swift in Sources */ = {isa = PBXBuildFile; fileRef = 04030C0E296755E1006EF9BE /* TimerDidStopUseCaseTests.swift */; };
		04030C14296755E1006EF9BE /* MockNotificationSettings.swift in Sources */ = {isa = PBXBuildFile; fileRef = 04030C13296755E1006EF9BE /* MockNotificationSettings.swift */; };
		04030C18296755E1006EF9BE /* UNCalendarNotificationTrigger+Date.swift in Sources */ = {isa = PBXBuildFile; fileRef = 04030C17296755E1006EF9BE /* UNCalendarNotificationTrigger+Date.swift */; };
		04030C1A296755E1006EF9BE /* CLOCNotificationManager.swift in Sources */ = {isa = PBXBuildFile; fileRef = 04030C19296755E1006EF9BE /* CLOCNotificationManager.swift */; };
		04030C1C29688532006EF9BE /* TimerDidStartUseCaseTests.swift in Sources */ = {isa = PBXBuildFile; fileRef = 04030C1B29688532006EF9BE /* TimerDidStartUseCaseTests.swift */; };
		04030C1E296885A4006EF9BE /* XCTestCase+SUT.swift in Sources */ = {isa = PBXBuildFile; fileRef = 04030C1D296885A4006EF9BE /* XCTestCase+SUT.swift */; };
		04075772296D58AD00A25D66 /* CLOCNotificationManager+Timer.swift in Sources */ = {isa = PBXBuildFile; fileRef = 04075771296D58AC00A25D66 /* CLOCNotificationManager+Timer.swift */; };
		04075775296D590500A25D66 /* CLOCNotificationManager+Project.swift in Sources */ = {isa = PBXBuildFile; fileRef = 04075774296D590500A25D66 /* CLOCNotificationManager+Project.swift */; };
		0407577B296D598800A25D66 /* ZZNotificationManagerTests.swift in Sources */ = {isa = PBXBuildFile; fileRef = 045EB2732960607A00483203 /* ZZNotificationManagerTests.swift */; };
		0407577C296D598B00A25D66 /* MockUserNotificationCenterProtocol.swift in Sources */ = {isa = PBXBuildFile; fileRef = 04444A34291A75CE00B6273B /* MockUserNotificationCenterProtocol.swift */; };
		0407577E296D59DB00A25D66 /* ZZNotificationContent+CLOCNotificationSetting.swift in Sources */ = {isa = PBXBuildFile; fileRef = 0407577D296D59DB00A25D66 /* ZZNotificationContent+CLOCNotificationSetting.swift */; };
		0408A3962917A7FE00C26444 /* ZZNotificationContentTests.swift in Sources */ = {isa = PBXBuildFile; fileRef = 0408A3952917A7FE00C26444 /* ZZNotificationContentTests.swift */; };
		04114B712973FB6100AF6E18 /* SettingItemCell.swift in Sources */ = {isa = PBXBuildFile; fileRef = 04114B702973FB6100AF6E18 /* SettingItemCell.swift */; };
		04114B732974023500AF6E18 /* SettingItemCellRepresentable.swift in Sources */ = {isa = PBXBuildFile; fileRef = 04114B722974023500AF6E18 /* SettingItemCellRepresentable.swift */; };
		04114B7629740DEC00AF6E18 /* MockNotificationManager.swift in Sources */ = {isa = PBXBuildFile; fileRef = 04114B7529740DEC00AF6E18 /* MockNotificationManager.swift */; };
		04114B7929740E2E00AF6E18 /* MockSettingItem.swift in Sources */ = {isa = PBXBuildFile; fileRef = 04114B7829740E2E00AF6E18 /* MockSettingItem.swift */; };
		043AEFB02969C6B900FC5B86 /* XCTestCase+Assertions.swift in Sources */ = {isa = PBXBuildFile; fileRef = 043AEFAF2969C6B900FC5B86 /* XCTestCase+Assertions.swift */; };
		043AEFB32969CCF400FC5B86 /* CLOCNotificationSettings.swift in Sources */ = {isa = PBXBuildFile; fileRef = 043AEFB22969CCF400FC5B86 /* CLOCNotificationSettings.swift */; };
		04444A33291A756600B6273B /* ZZNotificationManager.swift in Sources */ = {isa = PBXBuildFile; fileRef = 04444A32291A756600B6273B /* ZZNotificationManager.swift */; };
		04444A39291A772300B6273B /* Date+GetComponents.swift in Sources */ = {isa = PBXBuildFile; fileRef = 04444A38291A772300B6273B /* Date+GetComponents.swift */; };
		04444A3C291A779800B6273B /* MockNotificationCenter.swift in Sources */ = {isa = PBXBuildFile; fileRef = 04444A3B291A779800B6273B /* MockNotificationCenter.swift */; };
		04444A3F291BA15B00B6273B /* ZZNotificationManagerComposer.swift in Sources */ = {isa = PBXBuildFile; fileRef = 04444A3E291BA15B00B6273B /* ZZNotificationManagerComposer.swift */; };
		04480B28296EC1C7002C053E /* CLOCNotificationsViewControllerTests.swift in Sources */ = {isa = PBXBuildFile; fileRef = 04480B27296EC1C7002C053E /* CLOCNotificationsViewControllerTests.swift */; };
		04480B2A296F42F2002C053E /* ZZNotificationManager.framework in Frameworks */ = {isa = PBXBuildFile; fileRef = 045EB25B2960607A00483203 /* ZZNotificationManager.framework */; platformFilter = ios; };
		04480B2B296F42F2002C053E /* ZZNotificationManager.framework in Embed Frameworks */ = {isa = PBXBuildFile; fileRef = 045EB25B2960607A00483203 /* ZZNotificationManager.framework */; platformFilter = ios; settings = {ATTRIBUTES = (CodeSignOnCopy, RemoveHeadersOnCopy, ); }; };
		045EB2642960607A00483203 /* ZZNotificationManager.framework in Frameworks */ = {isa = PBXBuildFile; fileRef = 045EB25B2960607A00483203 /* ZZNotificationManager.framework */; };
		046ABDD3297085C900F2343F /* XCTestCase+MemoryLeakTracking.swift in Sources */ = {isa = PBXBuildFile; fileRef = 04E3D60D2961F0F6002D64A7 /* XCTestCase+MemoryLeakTracking.swift */; };
		0481EBF6296C022800669E59 /* ProjectNotificationUseCaseTests.swift in Sources */ = {isa = PBXBuildFile; fileRef = 0481EBF5296C022800669E59 /* ProjectNotificationUseCaseTests.swift */; };
		0481EBF8296C1B7700669E59 /* CLOCNotificationTimeSetter.swift in Sources */ = {isa = PBXBuildFile; fileRef = 0481EBF7296C1B7700669E59 /* CLOCNotificationTimeSetter.swift */; };
		0481EBF9296C384100669E59 /* Int+TimeInterval.swift in Sources */ = {isa = PBXBuildFile; fileRef = 04030C15296755E1006EF9BE /* Int+TimeInterval.swift */; };
		0481EBFD296C3A7A00669E59 /* Int+TimeInterval.swift in Sources */ = {isa = PBXBuildFile; fileRef = 04030C15296755E1006EF9BE /* Int+TimeInterval.swift */; };
		0481EBFE296C3A7A00669E59 /* Int+TimeInterval.swift in Sources */ = {isa = PBXBuildFile; fileRef = 04030C15296755E1006EF9BE /* Int+TimeInterval.swift */; };
		048A2EB6296DC420008C904B /* CLOCNotificationManageriOS.framework in Frameworks */ = {isa = PBXBuildFile; fileRef = 048A2EAE296DC420008C904B /* CLOCNotificationManageriOS.framework */; };
		04AABEE92917B06D00D4CA64 /* ZZNotificationContent.swift in Sources */ = {isa = PBXBuildFile; fileRef = 04AABEE82917B06D00D4CA64 /* ZZNotificationContent.swift */; };
		04AABEEB2917DBBA00D4CA64 /* ZZNotificationAuthStatus.swift in Sources */ = {isa = PBXBuildFile; fileRef = 04AABEEA2917DBBA00D4CA64 /* ZZNotificationAuthStatus.swift */; };
		04E3D60E2961F0F6002D64A7 /* XCTestCase+MemoryLeakTracking.swift in Sources */ = {isa = PBXBuildFile; fileRef = 04E3D60D2961F0F6002D64A7 /* XCTestCase+MemoryLeakTracking.swift */; };
		04E3D6122961F0F6002D64A7 /* DoNotDistrubPolicy.swift in Sources */ = {isa = PBXBuildFile; fileRef = 04E3D6112961F0F6002D64A7 /* DoNotDistrubPolicy.swift */; };
		04E3D6142961F0F6002D64A7 /* ZZDoNotDistrubPolicyTests.swift in Sources */ = {isa = PBXBuildFile; fileRef = 04E3D6132961F0F6002D64A7 /* ZZDoNotDistrubPolicyTests.swift */; };
		04E3D6162961F0F6002D64A7 /* NotificationManager.swift in Sources */ = {isa = PBXBuildFile; fileRef = 04E3D6152961F0F6002D64A7 /* NotificationManager.swift */; };
		04E3D6182961F0F6002D64A7 /* SetNotificationError.swift in Sources */ = {isa = PBXBuildFile; fileRef = 04E3D6172961F0F6002D64A7 /* SetNotificationError.swift */; };
/* End PBXBuildFile section */

/* Begin PBXContainerItemProxy section */
		04030C05296755E1006EF9BE /* PBXContainerItemProxy */ = {
			isa = PBXContainerItemProxy;
			containerPortal = 045EB2522960607A00483203 /* Project object */;
			proxyType = 1;
			remoteGlobalIDString = 045EB25A2960607A00483203;
			remoteInfo = ZZNotificationManager;
		};
		04480B2C296F42F2002C053E /* PBXContainerItemProxy */ = {
			isa = PBXContainerItemProxy;
			containerPortal = 045EB2522960607A00483203 /* Project object */;
			proxyType = 1;
			remoteGlobalIDString = 045EB25A2960607A00483203;
			remoteInfo = ZZNotificationManager;
		};
		045EB2652960607A00483203 /* PBXContainerItemProxy */ = {
			isa = PBXContainerItemProxy;
			containerPortal = 045EB2522960607A00483203 /* Project object */;
			proxyType = 1;
			remoteGlobalIDString = 045EB25A2960607A00483203;
			remoteInfo = ZZNotificationManager;
		};
		048A2EB7296DC420008C904B /* PBXContainerItemProxy */ = {
			isa = PBXContainerItemProxy;
			containerPortal = 045EB2522960607A00483203 /* Project object */;
			proxyType = 1;
			remoteGlobalIDString = 048A2EAD296DC420008C904B;
			remoteInfo = CLOCNotificationManageriOS;
		};
/* End PBXContainerItemProxy section */

/* Begin PBXCopyFilesBuildPhase section */
		04480B2E296F42F2002C053E /* Embed Frameworks */ = {
			isa = PBXCopyFilesBuildPhase;
			buildActionMask = 2147483647;
			dstPath = "";
			dstSubfolderSpec = 10;
			files = (
				04480B2B296F42F2002C053E /* ZZNotificationManager.framework in Embed Frameworks */,
			);
			name = "Embed Frameworks";
			runOnlyForDeploymentPostprocessing = 0;
		};
/* End PBXCopyFilesBuildPhase section */

/* Begin PBXFileReference section */
		04030BF2296755E1006EF9BE /* CLOCNotificationManagerTests.swift */ = {isa = PBXFileReference; lastKnownFileType = sourcecode.swift; path = CLOCNotificationManagerTests.swift; sourceTree = "<group>"; };
		04030C00296755E1006EF9BE /* CLOCNotificationManagerTests.xctest */ = {isa = PBXFileReference; explicitFileType = wrapper.cfbundle; includeInIndex = 0; path = CLOCNotificationManagerTests.xctest; sourceTree = BUILT_PRODUCTS_DIR; };
		04030C0E296755E1006EF9BE /* TimerDidStopUseCaseTests.swift */ = {isa = PBXFileReference; lastKnownFileType = sourcecode.swift; path = TimerDidStopUseCaseTests.swift; sourceTree = "<group>"; };
		04030C13296755E1006EF9BE /* MockNotificationSettings.swift */ = {isa = PBXFileReference; lastKnownFileType = sourcecode.swift; path = MockNotificationSettings.swift; sourceTree = "<group>"; };
		04030C15296755E1006EF9BE /* Int+TimeInterval.swift */ = {isa = PBXFileReference; lastKnownFileType = sourcecode.swift; path = "Int+TimeInterval.swift"; sourceTree = "<group>"; };
		04030C17296755E1006EF9BE /* UNCalendarNotificationTrigger+Date.swift */ = {isa = PBXFileReference; lastKnownFileType = sourcecode.swift; path = "UNCalendarNotificationTrigger+Date.swift"; sourceTree = "<group>"; };
		04030C19296755E1006EF9BE /* CLOCNotificationManager.swift */ = {isa = PBXFileReference; lastKnownFileType = sourcecode.swift; path = CLOCNotificationManager.swift; sourceTree = "<group>"; };
		04030C1B29688532006EF9BE /* TimerDidStartUseCaseTests.swift */ = {isa = PBXFileReference; lastKnownFileType = sourcecode.swift; path = TimerDidStartUseCaseTests.swift; sourceTree = "<group>"; };
		04030C1D296885A4006EF9BE /* XCTestCase+SUT.swift */ = {isa = PBXFileReference; lastKnownFileType = sourcecode.swift; path = "XCTestCase+SUT.swift"; sourceTree = "<group>"; };
		04075771296D58AC00A25D66 /* CLOCNotificationManager+Timer.swift */ = {isa = PBXFileReference; lastKnownFileType = sourcecode.swift; path = "CLOCNotificationManager+Timer.swift"; sourceTree = "<group>"; };
		04075774296D590500A25D66 /* CLOCNotificationManager+Project.swift */ = {isa = PBXFileReference; lastKnownFileType = sourcecode.swift; path = "CLOCNotificationManager+Project.swift"; sourceTree = "<group>"; };
		0407577D296D59DB00A25D66 /* ZZNotificationContent+CLOCNotificationSetting.swift */ = {isa = PBXFileReference; lastKnownFileType = sourcecode.swift; path = "ZZNotificationContent+CLOCNotificationSetting.swift"; sourceTree = "<group>"; };
		0408A3952917A7FE00C26444 /* ZZNotificationContentTests.swift */ = {isa = PBXFileReference; lastKnownFileType = sourcecode.swift; path = ZZNotificationContentTests.swift; sourceTree = "<group>"; };
		04114B702973FB6100AF6E18 /* SettingItemCell.swift */ = {isa = PBXFileReference; lastKnownFileType = sourcecode.swift; path = SettingItemCell.swift; sourceTree = "<group>"; };
		04114B722974023500AF6E18 /* SettingItemCellRepresentable.swift */ = {isa = PBXFileReference; lastKnownFileType = sourcecode.swift; path = SettingItemCellRepresentable.swift; sourceTree = "<group>"; };
		04114B7529740DEC00AF6E18 /* MockNotificationManager.swift */ = {isa = PBXFileReference; lastKnownFileType = sourcecode.swift; path = MockNotificationManager.swift; sourceTree = "<group>"; };
		04114B7829740E2E00AF6E18 /* MockSettingItem.swift */ = {isa = PBXFileReference; lastKnownFileType = sourcecode.swift; path = MockSettingItem.swift; sourceTree = "<group>"; };
		043AEFAF2969C6B900FC5B86 /* XCTestCase+Assertions.swift */ = {isa = PBXFileReference; lastKnownFileType = sourcecode.swift; path = "XCTestCase+Assertions.swift"; sourceTree = "<group>"; };
		043AEFB22969CCF400FC5B86 /* CLOCNotificationSettings.swift */ = {isa = PBXFileReference; lastKnownFileType = sourcecode.swift; path = CLOCNotificationSettings.swift; sourceTree = "<group>"; };
		04444A32291A756600B6273B /* ZZNotificationManager.swift */ = {isa = PBXFileReference; lastKnownFileType = sourcecode.swift; path = ZZNotificationManager.swift; sourceTree = "<group>"; };
		04444A34291A75CE00B6273B /* MockUserNotificationCenterProtocol.swift */ = {isa = PBXFileReference; lastKnownFileType = sourcecode.swift; path = MockUserNotificationCenterProtocol.swift; sourceTree = "<group>"; };
		04444A38291A772300B6273B /* Date+GetComponents.swift */ = {isa = PBXFileReference; lastKnownFileType = sourcecode.swift; path = "Date+GetComponents.swift"; sourceTree = "<group>"; };
		04444A3B291A779800B6273B /* MockNotificationCenter.swift */ = {isa = PBXFileReference; lastKnownFileType = sourcecode.swift; path = MockNotificationCenter.swift; sourceTree = "<group>"; };
		04444A3E291BA15B00B6273B /* ZZNotificationManagerComposer.swift */ = {isa = PBXFileReference; lastKnownFileType = sourcecode.swift; path = ZZNotificationManagerComposer.swift; sourceTree = "<group>"; };
		04480B27296EC1C7002C053E /* CLOCNotificationsViewControllerTests.swift */ = {isa = PBXFileReference; lastKnownFileType = sourcecode.swift; path = CLOCNotificationsViewControllerTests.swift; sourceTree = "<group>"; };
		045EB25B2960607A00483203 /* ZZNotificationManager.framework */ = {isa = PBXFileReference; explicitFileType = wrapper.framework; includeInIndex = 0; path = ZZNotificationManager.framework; sourceTree = BUILT_PRODUCTS_DIR; };
		045EB2632960607A00483203 /* ZZNotificationManagerTests.xctest */ = {isa = PBXFileReference; explicitFileType = wrapper.cfbundle; includeInIndex = 0; path = ZZNotificationManagerTests.xctest; sourceTree = BUILT_PRODUCTS_DIR; };
		045EB2732960607A00483203 /* ZZNotificationManagerTests.swift */ = {isa = PBXFileReference; lastKnownFileType = sourcecode.swift; path = ZZNotificationManagerTests.swift; sourceTree = "<group>"; };
		0481EBF5296C022800669E59 /* ProjectNotificationUseCaseTests.swift */ = {isa = PBXFileReference; lastKnownFileType = sourcecode.swift; path = ProjectNotificationUseCaseTests.swift; sourceTree = "<group>"; };
		0481EBF7296C1B7700669E59 /* CLOCNotificationTimeSetter.swift */ = {isa = PBXFileReference; lastKnownFileType = sourcecode.swift; path = CLOCNotificationTimeSetter.swift; sourceTree = "<group>"; };
		048A2EAE296DC420008C904B /* CLOCNotificationManageriOS.framework */ = {isa = PBXFileReference; explicitFileType = wrapper.framework; includeInIndex = 0; path = CLOCNotificationManageriOS.framework; sourceTree = BUILT_PRODUCTS_DIR; };
		048A2EB5296DC420008C904B /* CLOCNotificationManageriOSTests.xctest */ = {isa = PBXFileReference; explicitFileType = wrapper.cfbundle; includeInIndex = 0; path = CLOCNotificationManageriOSTests.xctest; sourceTree = BUILT_PRODUCTS_DIR; };
		04AABEE82917B06D00D4CA64 /* ZZNotificationContent.swift */ = {isa = PBXFileReference; lastKnownFileType = sourcecode.swift; path = ZZNotificationContent.swift; sourceTree = "<group>"; };
		04AABEEA2917DBBA00D4CA64 /* ZZNotificationAuthStatus.swift */ = {isa = PBXFileReference; lastKnownFileType = sourcecode.swift; path = ZZNotificationAuthStatus.swift; sourceTree = "<group>"; };
		04E3D60D2961F0F6002D64A7 /* XCTestCase+MemoryLeakTracking.swift */ = {isa = PBXFileReference; lastKnownFileType = sourcecode.swift; path = "XCTestCase+MemoryLeakTracking.swift"; sourceTree = "<group>"; };
		04E3D6112961F0F6002D64A7 /* DoNotDistrubPolicy.swift */ = {isa = PBXFileReference; lastKnownFileType = sourcecode.swift; path = DoNotDistrubPolicy.swift; sourceTree = "<group>"; };
		04E3D6132961F0F6002D64A7 /* ZZDoNotDistrubPolicyTests.swift */ = {isa = PBXFileReference; lastKnownFileType = sourcecode.swift; path = ZZDoNotDistrubPolicyTests.swift; sourceTree = "<group>"; };
		04E3D6152961F0F6002D64A7 /* NotificationManager.swift */ = {isa = PBXFileReference; lastKnownFileType = sourcecode.swift; path = NotificationManager.swift; sourceTree = "<group>"; };
		04E3D6172961F0F6002D64A7 /* SetNotificationError.swift */ = {isa = PBXFileReference; lastKnownFileType = sourcecode.swift; path = SetNotificationError.swift; sourceTree = "<group>"; };
/* End PBXFileReference section */

/* Begin PBXFrameworksBuildPhase section */
		04030BFD296755E1006EF9BE /* Frameworks */ = {
			isa = PBXFrameworksBuildPhase;
			buildActionMask = 2147483647;
			files = (
				04030C04296755E1006EF9BE /* ZZNotificationManager.framework in Frameworks */,
			);
			runOnlyForDeploymentPostprocessing = 0;
		};
		045EB2582960607A00483203 /* Frameworks */ = {
			isa = PBXFrameworksBuildPhase;
			buildActionMask = 2147483647;
			files = (
			);
			runOnlyForDeploymentPostprocessing = 0;
		};
		045EB2602960607A00483203 /* Frameworks */ = {
			isa = PBXFrameworksBuildPhase;
			buildActionMask = 2147483647;
			files = (
				045EB2642960607A00483203 /* ZZNotificationManager.framework in Frameworks */,
			);
			runOnlyForDeploymentPostprocessing = 0;
		};
		048A2EAB296DC420008C904B /* Frameworks */ = {
			isa = PBXFrameworksBuildPhase;
			buildActionMask = 2147483647;
			files = (
				04480B2A296F42F2002C053E /* ZZNotificationManager.framework in Frameworks */,
			);
			runOnlyForDeploymentPostprocessing = 0;
		};
		048A2EB2296DC420008C904B /* Frameworks */ = {
			isa = PBXFrameworksBuildPhase;
			buildActionMask = 2147483647;
			files = (
				048A2EB6296DC420008C904B /* CLOCNotificationManageriOS.framework in Frameworks */,
			);
			runOnlyForDeploymentPostprocessing = 0;
		};
/* End PBXFrameworksBuildPhase section */

/* Begin PBXGroup section */
		04030C01296755E1006EF9BE /* CLOCNotificationManagerTests */ = {
			isa = PBXGroup;
			children = (
				04030C11296755E1006EF9BE /* Shared */,
				04030BF2296755E1006EF9BE /* CLOCNotificationManagerTests.swift */,
				04030C0E296755E1006EF9BE /* TimerDidStopUseCaseTests.swift */,
				04030C1B29688532006EF9BE /* TimerDidStartUseCaseTests.swift */,
				0481EBF5296C022800669E59 /* ProjectNotificationUseCaseTests.swift */,
			);
			path = CLOCNotificationManagerTests;
			sourceTree = "<group>";
		};
		04030C11296755E1006EF9BE /* Shared */ = {
			isa = PBXGroup;
			children = (
				04030C13296755E1006EF9BE /* MockNotificationSettings.swift */,
				04030C17296755E1006EF9BE /* UNCalendarNotificationTrigger+Date.swift */,
				04030C1D296885A4006EF9BE /* XCTestCase+SUT.swift */,
				043AEFAF2969C6B900FC5B86 /* XCTestCase+Assertions.swift */,
			);
			path = Shared;
			sourceTree = "<group>";
		};
		04075773296D58EC00A25D66 /* Helpers */ = {
			isa = PBXGroup;
			children = (
				04075771296D58AC00A25D66 /* CLOCNotificationManager+Timer.swift */,
				04075774296D590500A25D66 /* CLOCNotificationManager+Project.swift */,
				0407577D296D59DB00A25D66 /* ZZNotificationContent+CLOCNotificationSetting.swift */,
			);
			path = Helpers;
			sourceTree = "<group>";
		};
		04114B7729740E2600AF6E18 /* Shared */ = {
			isa = PBXGroup;
			children = (
				04114B7529740DEC00AF6E18 /* MockNotificationManager.swift */,
				04114B7829740E2E00AF6E18 /* MockSettingItem.swift */,
			);
			path = Shared;
			sourceTree = "<group>";
		};
		043AEFB12969CCD800FC5B86 /* CLOC */ = {
			isa = PBXGroup;
			children = (
				04075773296D58EC00A25D66 /* Helpers */,
				043AEFB22969CCF400FC5B86 /* CLOCNotificationSettings.swift */,
				04030C19296755E1006EF9BE /* CLOCNotificationManager.swift */,
				0481EBF7296C1B7700669E59 /* CLOCNotificationTimeSetter.swift */,
			);
			path = CLOC;
			sourceTree = "<group>";
		};
		04444A3A291A773700B6273B /* Shared */ = {
			isa = PBXGroup;
			children = (
				04444A3B291A779800B6273B /* MockNotificationCenter.swift */,
				04444A38291A772300B6273B /* Date+GetComponents.swift */,
				04E3D60D2961F0F6002D64A7 /* XCTestCase+MemoryLeakTracking.swift */,
			);
			path = Shared;
			sourceTree = "<group>";
		};
		04444A3D291BA14000B6273B /* Composer */ = {
			isa = PBXGroup;
			children = (
				04444A3E291BA15B00B6273B /* ZZNotificationManagerComposer.swift */,
			);
			path = Composer;
			sourceTree = "<group>";
		};
		04480B26296EB91C002C053E /* CLOCNotificationManageriOSTests */ = {
			isa = PBXGroup;
			children = (
				04114B7729740E2600AF6E18 /* Shared */,
				04480B27296EC1C7002C053E /* CLOCNotificationsViewControllerTests.swift */,
			);
			path = CLOCNotificationManageriOSTests;
			sourceTree = "<group>";
		};
		04480B29296F42F2002C053E /* Frameworks */ = {
			isa = PBXGroup;
			children = (
			);
			name = Frameworks;
			sourceTree = "<group>";
		};
		045EB2512960607A00483203 = {
			isa = PBXGroup;
			children = (
				045EB25D2960607A00483203 /* ZZNotificationManager */,
				045EB2672960607A00483203 /* ZZNotificationManagerTests */,
				04030C01296755E1006EF9BE /* CLOCNotificationManagerTests */,
				048A2EAF296DC420008C904B /* CLOCNotificationManageriOS */,
				04480B26296EB91C002C053E /* CLOCNotificationManageriOSTests */,
				045EB25C2960607A00483203 /* Products */,
				04480B29296F42F2002C053E /* Frameworks */,
			);
			sourceTree = "<group>";
		};
		045EB25C2960607A00483203 /* Products */ = {
			isa = PBXGroup;
			children = (
				045EB25B2960607A00483203 /* ZZNotificationManager.framework */,
				045EB2632960607A00483203 /* ZZNotificationManagerTests.xctest */,
				04030C00296755E1006EF9BE /* CLOCNotificationManagerTests.xctest */,
				048A2EAE296DC420008C904B /* CLOCNotificationManageriOS.framework */,
				048A2EB5296DC420008C904B /* CLOCNotificationManageriOSTests.xctest */,
			);
			name = Products;
			sourceTree = "<group>";
		};
		045EB25D2960607A00483203 /* ZZNotificationManager */ = {
			isa = PBXGroup;
			children = (
				04444A3D291BA14000B6273B /* Composer */,
				0481EBFA296C3A5800669E59 /* Shared */,
				043AEFB12969CCD800FC5B86 /* CLOC */,
				04E3D6152961F0F6002D64A7 /* NotificationManager.swift */,
				04E3D6112961F0F6002D64A7 /* DoNotDistrubPolicy.swift */,
				04AABEE82917B06D00D4CA64 /* ZZNotificationContent.swift */,
				04AABEEA2917DBBA00D4CA64 /* ZZNotificationAuthStatus.swift */,
				04444A32291A756600B6273B /* ZZNotificationManager.swift */,
				04E3D6172961F0F6002D64A7 /* SetNotificationError.swift */,
				04444A34291A75CE00B6273B /* MockUserNotificationCenterProtocol.swift */,
			);
			path = ZZNotificationManager;
			sourceTree = "<group>";
		};
		045EB2672960607A00483203 /* ZZNotificationManagerTests */ = {
			isa = PBXGroup;
			children = (
				045EB2732960607A00483203 /* ZZNotificationManagerTests.swift */,
				0408A3952917A7FE00C26444 /* ZZNotificationContentTests.swift */,
				04E3D6132961F0F6002D64A7 /* ZZDoNotDistrubPolicyTests.swift */,
				04444A3A291A773700B6273B /* Shared */,
			);
			path = ZZNotificationManagerTests;
			sourceTree = "<group>";
		};
		0481EBFA296C3A5800669E59 /* Shared */ = {
			isa = PBXGroup;
			children = (
				04030C15296755E1006EF9BE /* Int+TimeInterval.swift */,
			);
			path = Shared;
			sourceTree = "<group>";
		};
		048A2EAF296DC420008C904B /* CLOCNotificationManageriOS */ = {
			isa = PBXGroup;
			children = (
				04114B702973FB6100AF6E18 /* SettingItemCell.swift */,
				04114B722974023500AF6E18 /* SettingItemCellRepresentable.swift */,
			);
			path = CLOCNotificationManageriOS;
			sourceTree = "<group>";
		};
/* End PBXGroup section */

/* Begin PBXHeadersBuildPhase section */
		045EB2562960607A00483203 /* Headers */ = {
			isa = PBXHeadersBuildPhase;
			buildActionMask = 2147483647;
			files = (
			);
			runOnlyForDeploymentPostprocessing = 0;
		};
		048A2EA9296DC420008C904B /* Headers */ = {
			isa = PBXHeadersBuildPhase;
			buildActionMask = 2147483647;
			files = (
			);
			runOnlyForDeploymentPostprocessing = 0;
		};
/* End PBXHeadersBuildPhase section */

/* Begin PBXNativeTarget section */
		04030BFF296755E1006EF9BE /* CLOCNotificationManagerTests */ = {
			isa = PBXNativeTarget;
			buildConfigurationList = 04030C07296755E1006EF9BE /* Build configuration list for PBXNativeTarget "CLOCNotificationManagerTests" */;
			buildPhases = (
				04030BFC296755E1006EF9BE /* Sources */,
				04030BFD296755E1006EF9BE /* Frameworks */,
				04030BFE296755E1006EF9BE /* Resources */,
			);
			buildRules = (
			);
			dependencies = (
				04030C06296755E1006EF9BE /* PBXTargetDependency */,
			);
			name = CLOCNotificationManagerTests;
			productName = CLOCNotificationManagerTests;
			productReference = 04030C00296755E1006EF9BE /* CLOCNotificationManagerTests.xctest */;
			productType = "com.apple.product-type.bundle.unit-test";
		};
		045EB25A2960607A00483203 /* ZZNotificationManager */ = {
			isa = PBXNativeTarget;
			buildConfigurationList = 045EB26D2960607A00483203 /* Build configuration list for PBXNativeTarget "ZZNotificationManager" */;
			buildPhases = (
				045EB2562960607A00483203 /* Headers */,
				045EB2572960607A00483203 /* Sources */,
				045EB2582960607A00483203 /* Frameworks */,
				045EB2592960607A00483203 /* Resources */,
			);
			buildRules = (
			);
			dependencies = (
			);
			name = ZZNotificationManager;
			productName = ZZNotificationManager;
			productReference = 045EB25B2960607A00483203 /* ZZNotificationManager.framework */;
			productType = "com.apple.product-type.framework";
		};
		045EB2622960607A00483203 /* ZZNotificationManagerTests */ = {
			isa = PBXNativeTarget;
			buildConfigurationList = 045EB2702960607A00483203 /* Build configuration list for PBXNativeTarget "ZZNotificationManagerTests" */;
			buildPhases = (
				045EB25F2960607A00483203 /* Sources */,
				045EB2602960607A00483203 /* Frameworks */,
				045EB2612960607A00483203 /* Resources */,
			);
			buildRules = (
			);
			dependencies = (
				045EB2662960607A00483203 /* PBXTargetDependency */,
			);
			name = ZZNotificationManagerTests;
			productName = ZZNotificationManagerTests;
			productReference = 045EB2632960607A00483203 /* ZZNotificationManagerTests.xctest */;
			productType = "com.apple.product-type.bundle.unit-test";
		};
		048A2EAD296DC420008C904B /* CLOCNotificationManageriOS */ = {
			isa = PBXNativeTarget;
			buildConfigurationList = 048A2EC1296DC420008C904B /* Build configuration list for PBXNativeTarget "CLOCNotificationManageriOS" */;
			buildPhases = (
				048A2EA9296DC420008C904B /* Headers */,
				048A2EAA296DC420008C904B /* Sources */,
				048A2EAB296DC420008C904B /* Frameworks */,
				048A2EAC296DC420008C904B /* Resources */,
				04480B2E296F42F2002C053E /* Embed Frameworks */,
			);
			buildRules = (
			);
			dependencies = (
				04480B2D296F42F2002C053E /* PBXTargetDependency */,
			);
			name = CLOCNotificationManageriOS;
			productName = CLOCNotificationManageriOS;
			productReference = 048A2EAE296DC420008C904B /* CLOCNotificationManageriOS.framework */;
			productType = "com.apple.product-type.framework";
		};
		048A2EB4296DC420008C904B /* CLOCNotificationManageriOSTests */ = {
			isa = PBXNativeTarget;
			buildConfigurationList = 048A2EC2296DC420008C904B /* Build configuration list for PBXNativeTarget "CLOCNotificationManageriOSTests" */;
			buildPhases = (
				048A2EB1296DC420008C904B /* Sources */,
				048A2EB2296DC420008C904B /* Frameworks */,
				048A2EB3296DC420008C904B /* Resources */,
			);
			buildRules = (
			);
			dependencies = (
				048A2EB8296DC420008C904B /* PBXTargetDependency */,
			);
			name = CLOCNotificationManageriOSTests;
			productName = CLOCNotificationManageriOSTests;
			productReference = 048A2EB5296DC420008C904B /* CLOCNotificationManageriOSTests.xctest */;
			productType = "com.apple.product-type.bundle.unit-test";
		};
/* End PBXNativeTarget section */

/* Begin PBXProject section */
		045EB2522960607A00483203 /* Project object */ = {
			isa = PBXProject;
			attributes = {
				BuildIndependentTargetsInParallel = 1;
				LastSwiftUpdateCheck = 1400;
				LastUpgradeCheck = 1400;
				ORGANIZATIONNAME = zzmasoud;
				TargetAttributes = {
					04030BFF296755E1006EF9BE = {
						CreatedOnToolsVersion = 14.0;
					};
					045EB25A2960607A00483203 = {
						CreatedOnToolsVersion = 14.0;
						LastSwiftMigration = 1400;
					};
					045EB2622960607A00483203 = {
						CreatedOnToolsVersion = 14.0;
						LastSwiftMigration = 1400;
					};
					048A2EAD296DC420008C904B = {
						CreatedOnToolsVersion = 14.0;
						LastSwiftMigration = 1340;
					};
					048A2EB4296DC420008C904B = {
						CreatedOnToolsVersion = 14.0;
						LastSwiftMigration = 1340;
					};
				};
			};
			buildConfigurationList = 045EB2552960607A00483203 /* Build configuration list for PBXProject "ZZNotificationManager" */;
			compatibilityVersion = "Xcode 13.0";
			developmentRegion = en;
			hasScannedForEncodings = 0;
			knownRegions = (
				en,
				Base,
			);
			mainGroup = 045EB2512960607A00483203;
			productRefGroup = 045EB25C2960607A00483203 /* Products */;
			projectDirPath = "";
			projectRoot = "";
			targets = (
				045EB25A2960607A00483203 /* ZZNotificationManager */,
				045EB2622960607A00483203 /* ZZNotificationManagerTests */,
				04030BFF296755E1006EF9BE /* CLOCNotificationManagerTests */,
				048A2EAD296DC420008C904B /* CLOCNotificationManageriOS */,
				048A2EB4296DC420008C904B /* CLOCNotificationManageriOSTests */,
			);
		};
/* End PBXProject section */

/* Begin PBXResourcesBuildPhase section */
		04030BFE296755E1006EF9BE /* Resources */ = {
			isa = PBXResourcesBuildPhase;
			buildActionMask = 2147483647;
			files = (
			);
			runOnlyForDeploymentPostprocessing = 0;
		};
		045EB2592960607A00483203 /* Resources */ = {
			isa = PBXResourcesBuildPhase;
			buildActionMask = 2147483647;
			files = (
			);
			runOnlyForDeploymentPostprocessing = 0;
		};
		045EB2612960607A00483203 /* Resources */ = {
			isa = PBXResourcesBuildPhase;
			buildActionMask = 2147483647;
			files = (
			);
			runOnlyForDeploymentPostprocessing = 0;
		};
		048A2EAC296DC420008C904B /* Resources */ = {
			isa = PBXResourcesBuildPhase;
			buildActionMask = 2147483647;
			files = (
			);
			runOnlyForDeploymentPostprocessing = 0;
		};
		048A2EB3296DC420008C904B /* Resources */ = {
			isa = PBXResourcesBuildPhase;
			buildActionMask = 2147483647;
			files = (
			);
			runOnlyForDeploymentPostprocessing = 0;
		};
/* End PBXResourcesBuildPhase section */

/* Begin PBXSourcesBuildPhase section */
		04030BFC296755E1006EF9BE /* Sources */ = {
			isa = PBXSourcesBuildPhase;
			buildActionMask = 2147483647;
			files = (
				04030C10296755E1006EF9BE /* TimerDidStopUseCaseTests.swift in Sources */,
				04030C0A296755E1006EF9BE /* CLOCNotificationManagerTests.swift in Sources */,
				04030C0B296755E1006EF9BE /* MockNotificationCenter.swift in Sources */,
				043AEFB02969C6B900FC5B86 /* XCTestCase+Assertions.swift in Sources */,
				04030C14296755E1006EF9BE /* MockNotificationSettings.swift in Sources */,
				0481EBF6296C022800669E59 /* ProjectNotificationUseCaseTests.swift in Sources */,
				04030C18296755E1006EF9BE /* UNCalendarNotificationTrigger+Date.swift in Sources */,
				04030C0D296755E1006EF9BE /* Date+GetComponents.swift in Sources */,
				04030C1E296885A4006EF9BE /* XCTestCase+SUT.swift in Sources */,
				04030C1C29688532006EF9BE /* TimerDidStartUseCaseTests.swift in Sources */,
				04030C0C296755E1006EF9BE /* XCTestCase+MemoryLeakTracking.swift in Sources */,
				0481EBFE296C3A7A00669E59 /* Int+TimeInterval.swift in Sources */,
			);
			runOnlyForDeploymentPostprocessing = 0;
		};
		045EB2572960607A00483203 /* Sources */ = {
			isa = PBXSourcesBuildPhase;
			buildActionMask = 2147483647;
			files = (
				0407577C296D598B00A25D66 /* MockUserNotificationCenterProtocol.swift in Sources */,
				04444A33291A756600B6273B /* ZZNotificationManager.swift in Sources */,
				04AABEEB2917DBBA00D4CA64 /* ZZNotificationAuthStatus.swift in Sources */,
				04075775296D590500A25D66 /* CLOCNotificationManager+Project.swift in Sources */,
				0481EBF8296C1B7700669E59 /* CLOCNotificationTimeSetter.swift in Sources */,
				04075772296D58AD00A25D66 /* CLOCNotificationManager+Timer.swift in Sources */,
				04AABEE92917B06D00D4CA64 /* ZZNotificationContent.swift in Sources */,
				04444A3F291BA15B00B6273B /* ZZNotificationManagerComposer.swift in Sources */,
				0407577E296D59DB00A25D66 /* ZZNotificationContent+CLOCNotificationSetting.swift in Sources */,
				04E3D6162961F0F6002D64A7 /* NotificationManager.swift in Sources */,
				043AEFB32969CCF400FC5B86 /* CLOCNotificationSettings.swift in Sources */,
				04E3D6122961F0F6002D64A7 /* DoNotDistrubPolicy.swift in Sources */,
				04030C1A296755E1006EF9BE /* CLOCNotificationManager.swift in Sources */,
				04E3D6182961F0F6002D64A7 /* SetNotificationError.swift in Sources */,
				0481EBF9296C384100669E59 /* Int+TimeInterval.swift in Sources */,
			);
			runOnlyForDeploymentPostprocessing = 0;
		};
		045EB25F2960607A00483203 /* Sources */ = {
			isa = PBXSourcesBuildPhase;
			buildActionMask = 2147483647;
			files = (
				0407577B296D598800A25D66 /* ZZNotificationManagerTests.swift in Sources */,
				0408A3962917A7FE00C26444 /* ZZNotificationContentTests.swift in Sources */,
				04444A3C291A779800B6273B /* MockNotificationCenter.swift in Sources */,
				04E3D6142961F0F6002D64A7 /* ZZDoNotDistrubPolicyTests.swift in Sources */,
				0481EBFD296C3A7A00669E59 /* Int+TimeInterval.swift in Sources */,
				04444A39291A772300B6273B /* Date+GetComponents.swift in Sources */,
				04E3D60E2961F0F6002D64A7 /* XCTestCase+MemoryLeakTracking.swift in Sources */,
			);
			runOnlyForDeploymentPostprocessing = 0;
		};
		048A2EAA296DC420008C904B /* Sources */ = {
			isa = PBXSourcesBuildPhase;
			buildActionMask = 2147483647;
			files = (
				04114B732974023500AF6E18 /* SettingItemCellRepresentable.swift in Sources */,
				04114B712973FB6100AF6E18 /* SettingItemCell.swift in Sources */,
			);
			runOnlyForDeploymentPostprocessing = 0;
		};
		048A2EB1296DC420008C904B /* Sources */ = {
			isa = PBXSourcesBuildPhase;
			buildActionMask = 2147483647;
			files = (
				04480B28296EC1C7002C053E /* CLOCNotificationsViewControllerTests.swift in Sources */,
				04114B7929740E2E00AF6E18 /* MockSettingItem.swift in Sources */,
				04114B7629740DEC00AF6E18 /* MockNotificationManager.swift in Sources */,
				046ABDD3297085C900F2343F /* XCTestCase+MemoryLeakTracking.swift in Sources */,
			);
			runOnlyForDeploymentPostprocessing = 0;
		};
/* End PBXSourcesBuildPhase section */

/* Begin PBXTargetDependency section */
		04030C06296755E1006EF9BE /* PBXTargetDependency */ = {
			isa = PBXTargetDependency;
			target = 045EB25A2960607A00483203 /* ZZNotificationManager */;
			targetProxy = 04030C05296755E1006EF9BE /* PBXContainerItemProxy */;
		};
		04480B2D296F42F2002C053E /* PBXTargetDependency */ = {
			isa = PBXTargetDependency;
			platformFilter = ios;
			target = 045EB25A2960607A00483203 /* ZZNotificationManager */;
			targetProxy = 04480B2C296F42F2002C053E /* PBXContainerItemProxy */;
		};
		045EB2662960607A00483203 /* PBXTargetDependency */ = {
			isa = PBXTargetDependency;
			target = 045EB25A2960607A00483203 /* ZZNotificationManager */;
			targetProxy = 045EB2652960607A00483203 /* PBXContainerItemProxy */;
		};
		048A2EB8296DC420008C904B /* PBXTargetDependency */ = {
			isa = PBXTargetDependency;
			target = 048A2EAD296DC420008C904B /* CLOCNotificationManageriOS */;
			targetProxy = 048A2EB7296DC420008C904B /* PBXContainerItemProxy */;
		};
/* End PBXTargetDependency section */

/* Begin XCBuildConfiguration section */
		04030C08296755E1006EF9BE /* Debug */ = {
			isa = XCBuildConfiguration;
			buildSettings = {
				CODE_SIGN_STYLE = Automatic;
				CURRENT_PROJECT_VERSION = 1;
				GENERATE_INFOPLIST_FILE = YES;
				IPHONEOS_DEPLOYMENT_TARGET = 13.0;
				MACOSX_DEPLOYMENT_TARGET = 11.0;
				MARKETING_VERSION = 1.0;
				PRODUCT_BUNDLE_IDENTIFIER = com.zzmasoud.CLOCNotificationManagerTests;
				PRODUCT_NAME = "$(TARGET_NAME)";
				SWIFT_EMIT_LOC_STRINGS = NO;
				SWIFT_VERSION = 5.0;
			};
			name = Debug;
		};
		04030C09296755E1006EF9BE /* Release */ = {
			isa = XCBuildConfiguration;
			buildSettings = {
				CODE_SIGN_STYLE = Automatic;
				CURRENT_PROJECT_VERSION = 1;
				GENERATE_INFOPLIST_FILE = YES;
				IPHONEOS_DEPLOYMENT_TARGET = 13.0;
				MACOSX_DEPLOYMENT_TARGET = 11.0;
				MARKETING_VERSION = 1.0;
				PRODUCT_BUNDLE_IDENTIFIER = com.zzmasoud.CLOCNotificationManagerTests;
				PRODUCT_NAME = "$(TARGET_NAME)";
				SWIFT_EMIT_LOC_STRINGS = NO;
				SWIFT_VERSION = 5.0;
			};
			name = Release;
		};
		045EB26B2960607A00483203 /* Debug */ = {
			isa = XCBuildConfiguration;
			buildSettings = {
				ALWAYS_SEARCH_USER_PATHS = NO;
				CLANG_ANALYZER_NONNULL = YES;
				CLANG_ANALYZER_NUMBER_OBJECT_CONVERSION = YES_AGGRESSIVE;
				CLANG_CXX_LANGUAGE_STANDARD = "gnu++20";
				CLANG_ENABLE_MODULES = YES;
				CLANG_ENABLE_OBJC_ARC = YES;
				CLANG_ENABLE_OBJC_WEAK = YES;
				CLANG_WARN_BLOCK_CAPTURE_AUTORELEASING = YES;
				CLANG_WARN_BOOL_CONVERSION = YES;
				CLANG_WARN_COMMA = YES;
				CLANG_WARN_CONSTANT_CONVERSION = YES;
				CLANG_WARN_DEPRECATED_OBJC_IMPLEMENTATIONS = YES;
				CLANG_WARN_DIRECT_OBJC_ISA_USAGE = YES_ERROR;
				CLANG_WARN_DOCUMENTATION_COMMENTS = YES;
				CLANG_WARN_EMPTY_BODY = YES;
				CLANG_WARN_ENUM_CONVERSION = YES;
				CLANG_WARN_INFINITE_RECURSION = YES;
				CLANG_WARN_INT_CONVERSION = YES;
				CLANG_WARN_NON_LITERAL_NULL_CONVERSION = YES;
				CLANG_WARN_OBJC_IMPLICIT_RETAIN_SELF = YES;
				CLANG_WARN_OBJC_LITERAL_CONVERSION = YES;
				CLANG_WARN_OBJC_ROOT_CLASS = YES_ERROR;
				CLANG_WARN_QUOTED_INCLUDE_IN_FRAMEWORK_HEADER = YES;
				CLANG_WARN_RANGE_LOOP_ANALYSIS = YES;
				CLANG_WARN_STRICT_PROTOTYPES = YES;
				CLANG_WARN_SUSPICIOUS_MOVE = YES;
				CLANG_WARN_UNGUARDED_AVAILABILITY = YES_AGGRESSIVE;
				CLANG_WARN_UNREACHABLE_CODE = YES;
				CLANG_WARN__DUPLICATE_METHOD_MATCH = YES;
				COPY_PHASE_STRIP = NO;
				CURRENT_PROJECT_VERSION = 1;
				DEBUG_INFORMATION_FORMAT = dwarf;
				ENABLE_STRICT_OBJC_MSGSEND = YES;
				ENABLE_TESTABILITY = YES;
				GCC_C_LANGUAGE_STANDARD = gnu11;
				GCC_DYNAMIC_NO_PIC = NO;
				GCC_NO_COMMON_BLOCKS = YES;
				GCC_OPTIMIZATION_LEVEL = 0;
				GCC_PREPROCESSOR_DEFINITIONS = (
					"DEBUG=1",
					"$(inherited)",
				);
				GCC_WARN_64_TO_32_BIT_CONVERSION = YES;
				GCC_WARN_ABOUT_RETURN_TYPE = YES_ERROR;
				GCC_WARN_UNDECLARED_SELECTOR = YES;
				GCC_WARN_UNINITIALIZED_AUTOS = YES_AGGRESSIVE;
				GCC_WARN_UNUSED_FUNCTION = YES;
				GCC_WARN_UNUSED_VARIABLE = YES;
				MACOSX_DEPLOYMENT_TARGET = 12.3;
				MTL_ENABLE_DEBUG_INFO = INCLUDE_SOURCE;
				MTL_FAST_MATH = YES;
				ONLY_ACTIVE_ARCH = YES;
				SDKROOT = macosx;
				SWIFT_ACTIVE_COMPILATION_CONDITIONS = DEBUG;
				SWIFT_OPTIMIZATION_LEVEL = "-Onone";
				VERSIONING_SYSTEM = "apple-generic";
				VERSION_INFO_PREFIX = "";
			};
			name = Debug;
		};
		045EB26C2960607A00483203 /* Release */ = {
			isa = XCBuildConfiguration;
			buildSettings = {
				ALWAYS_SEARCH_USER_PATHS = NO;
				CLANG_ANALYZER_NONNULL = YES;
				CLANG_ANALYZER_NUMBER_OBJECT_CONVERSION = YES_AGGRESSIVE;
				CLANG_CXX_LANGUAGE_STANDARD = "gnu++20";
				CLANG_ENABLE_MODULES = YES;
				CLANG_ENABLE_OBJC_ARC = YES;
				CLANG_ENABLE_OBJC_WEAK = YES;
				CLANG_WARN_BLOCK_CAPTURE_AUTORELEASING = YES;
				CLANG_WARN_BOOL_CONVERSION = YES;
				CLANG_WARN_COMMA = YES;
				CLANG_WARN_CONSTANT_CONVERSION = YES;
				CLANG_WARN_DEPRECATED_OBJC_IMPLEMENTATIONS = YES;
				CLANG_WARN_DIRECT_OBJC_ISA_USAGE = YES_ERROR;
				CLANG_WARN_DOCUMENTATION_COMMENTS = YES;
				CLANG_WARN_EMPTY_BODY = YES;
				CLANG_WARN_ENUM_CONVERSION = YES;
				CLANG_WARN_INFINITE_RECURSION = YES;
				CLANG_WARN_INT_CONVERSION = YES;
				CLANG_WARN_NON_LITERAL_NULL_CONVERSION = YES;
				CLANG_WARN_OBJC_IMPLICIT_RETAIN_SELF = YES;
				CLANG_WARN_OBJC_LITERAL_CONVERSION = YES;
				CLANG_WARN_OBJC_ROOT_CLASS = YES_ERROR;
				CLANG_WARN_QUOTED_INCLUDE_IN_FRAMEWORK_HEADER = YES;
				CLANG_WARN_RANGE_LOOP_ANALYSIS = YES;
				CLANG_WARN_STRICT_PROTOTYPES = YES;
				CLANG_WARN_SUSPICIOUS_MOVE = YES;
				CLANG_WARN_UNGUARDED_AVAILABILITY = YES_AGGRESSIVE;
				CLANG_WARN_UNREACHABLE_CODE = YES;
				CLANG_WARN__DUPLICATE_METHOD_MATCH = YES;
				COPY_PHASE_STRIP = NO;
				CURRENT_PROJECT_VERSION = 1;
				DEBUG_INFORMATION_FORMAT = "dwarf-with-dsym";
				ENABLE_NS_ASSERTIONS = NO;
				ENABLE_STRICT_OBJC_MSGSEND = YES;
				GCC_C_LANGUAGE_STANDARD = gnu11;
				GCC_NO_COMMON_BLOCKS = YES;
				GCC_WARN_64_TO_32_BIT_CONVERSION = YES;
				GCC_WARN_ABOUT_RETURN_TYPE = YES_ERROR;
				GCC_WARN_UNDECLARED_SELECTOR = YES;
				GCC_WARN_UNINITIALIZED_AUTOS = YES_AGGRESSIVE;
				GCC_WARN_UNUSED_FUNCTION = YES;
				GCC_WARN_UNUSED_VARIABLE = YES;
				MACOSX_DEPLOYMENT_TARGET = 12.3;
				MTL_ENABLE_DEBUG_INFO = NO;
				MTL_FAST_MATH = YES;
				SDKROOT = macosx;
				SWIFT_COMPILATION_MODE = wholemodule;
				SWIFT_OPTIMIZATION_LEVEL = "-O";
				VERSIONING_SYSTEM = "apple-generic";
				VERSION_INFO_PREFIX = "";
			};
			name = Release;
		};
		045EB26E2960607A00483203 /* Debug */ = {
			isa = XCBuildConfiguration;
			buildSettings = {
				CLANG_ENABLE_MODULES = YES;
				CODE_SIGN_STYLE = Automatic;
				COMBINE_HIDPI_IMAGES = YES;
				CURRENT_PROJECT_VERSION = 1;
				DEFINES_MODULE = YES;
				DYLIB_COMPATIBILITY_VERSION = 1;
				DYLIB_CURRENT_VERSION = 1;
				DYLIB_INSTALL_NAME_BASE = "@rpath";
				GENERATE_INFOPLIST_FILE = YES;
				INFOPLIST_KEY_NSHumanReadableCopyright = "";
				INSTALL_PATH = "$(LOCAL_LIBRARY_DIR)/Frameworks";
				IPHONEOS_DEPLOYMENT_TARGET = 13.0;
				LD_RUNPATH_SEARCH_PATHS = (
					"$(inherited)",
					"@executable_path/../Frameworks",
					"@loader_path/Frameworks",
				);
				MACOSX_DEPLOYMENT_TARGET = 11.0;
				MARKETING_VERSION = 1.0;
				PRODUCT_BUNDLE_IDENTIFIER = com.zzmasoud.ZZNotificationManager;
				PRODUCT_NAME = "$(TARGET_NAME:c99extidentifier)";
				SKIP_INSTALL = YES;
				SUPPORTED_PLATFORMS = "iphoneos iphonesimulator macosx";
				SUPPORTS_MACCATALYST = NO;
				SUPPORTS_MAC_DESIGNED_FOR_IPHONE_IPAD = NO;
				SWIFT_EMIT_LOC_STRINGS = YES;
				SWIFT_OPTIMIZATION_LEVEL = "-Onone";
				SWIFT_VERSION = 5.0;
				TARGETED_DEVICE_FAMILY = 1;
			};
			name = Debug;
		};
		045EB26F2960607A00483203 /* Release */ = {
			isa = XCBuildConfiguration;
			buildSettings = {
				CLANG_ENABLE_MODULES = YES;
				CODE_SIGN_STYLE = Automatic;
				COMBINE_HIDPI_IMAGES = YES;
				CURRENT_PROJECT_VERSION = 1;
				DEFINES_MODULE = YES;
				DYLIB_COMPATIBILITY_VERSION = 1;
				DYLIB_CURRENT_VERSION = 1;
				DYLIB_INSTALL_NAME_BASE = "@rpath";
				GENERATE_INFOPLIST_FILE = YES;
				INFOPLIST_KEY_NSHumanReadableCopyright = "";
				INSTALL_PATH = "$(LOCAL_LIBRARY_DIR)/Frameworks";
				IPHONEOS_DEPLOYMENT_TARGET = 13.0;
				LD_RUNPATH_SEARCH_PATHS = (
					"$(inherited)",
					"@executable_path/../Frameworks",
					"@loader_path/Frameworks",
				);
				MACOSX_DEPLOYMENT_TARGET = 11.0;
				MARKETING_VERSION = 1.0;
				PRODUCT_BUNDLE_IDENTIFIER = com.zzmasoud.ZZNotificationManager;
				PRODUCT_NAME = "$(TARGET_NAME:c99extidentifier)";
				SKIP_INSTALL = YES;
				SUPPORTED_PLATFORMS = "iphoneos iphonesimulator macosx";
				SUPPORTS_MACCATALYST = NO;
				SUPPORTS_MAC_DESIGNED_FOR_IPHONE_IPAD = NO;
				SWIFT_EMIT_LOC_STRINGS = YES;
				SWIFT_VERSION = 5.0;
				TARGETED_DEVICE_FAMILY = 1;
			};
			name = Release;
		};
		045EB2712960607A00483203 /* Debug */ = {
			isa = XCBuildConfiguration;
			buildSettings = {
				ALWAYS_EMBED_SWIFT_STANDARD_LIBRARIES = YES;
				CLANG_ENABLE_MODULES = YES;
				CODE_SIGN_STYLE = Automatic;
				CURRENT_PROJECT_VERSION = 1;
				GENERATE_INFOPLIST_FILE = YES;
				IPHONEOS_DEPLOYMENT_TARGET = 13.0;
				LD_RUNPATH_SEARCH_PATHS = (
					"$(inherited)",
					"@executable_path/../Frameworks",
					"@loader_path/../Frameworks",
				);
				MACOSX_DEPLOYMENT_TARGET = 11.0;
				MARKETING_VERSION = 1.0;
				PRODUCT_BUNDLE_IDENTIFIER = com.zzmasoud.ZZNotificationManagerTests;
				PRODUCT_NAME = "$(TARGET_NAME)";
				SWIFT_EMIT_LOC_STRINGS = NO;
				SWIFT_OPTIMIZATION_LEVEL = "-Onone";
				SWIFT_VERSION = 5.0;
			};
			name = Debug;
		};
		045EB2722960607A00483203 /* Release */ = {
			isa = XCBuildConfiguration;
			buildSettings = {
				ALWAYS_EMBED_SWIFT_STANDARD_LIBRARIES = YES;
				CLANG_ENABLE_MODULES = YES;
				CODE_SIGN_STYLE = Automatic;
				CURRENT_PROJECT_VERSION = 1;
				GENERATE_INFOPLIST_FILE = YES;
				IPHONEOS_DEPLOYMENT_TARGET = 13.0;
				LD_RUNPATH_SEARCH_PATHS = (
					"$(inherited)",
					"@executable_path/../Frameworks",
					"@loader_path/../Frameworks",
				);
				MACOSX_DEPLOYMENT_TARGET = 11.0;
				MARKETING_VERSION = 1.0;
				PRODUCT_BUNDLE_IDENTIFIER = com.zzmasoud.ZZNotificationManagerTests;
				PRODUCT_NAME = "$(TARGET_NAME)";
				SWIFT_EMIT_LOC_STRINGS = NO;
				SWIFT_VERSION = 5.0;
			};
			name = Release;
		};
		048A2EBD296DC420008C904B /* Debug */ = {
			isa = XCBuildConfiguration;
			buildSettings = {
				CLANG_ENABLE_MODULES = YES;
				CODE_SIGN_STYLE = Automatic;
				CURRENT_PROJECT_VERSION = 1;
				DEFINES_MODULE = YES;
				DYLIB_COMPATIBILITY_VERSION = 1;
				DYLIB_CURRENT_VERSION = 1;
				DYLIB_INSTALL_NAME_BASE = "@rpath";
				GENERATE_INFOPLIST_FILE = YES;
				INFOPLIST_KEY_NSHumanReadableCopyright = "Copyright © 2023 zzmasoud. All rights reserved.";
				INSTALL_PATH = "$(LOCAL_LIBRARY_DIR)/Frameworks";
				IPHONEOS_DEPLOYMENT_TARGET = 13.0;
				LD_RUNPATH_SEARCH_PATHS = (
					"$(inherited)",
					"@executable_path/Frameworks",
					"@loader_path/Frameworks",
				);
				MARKETING_VERSION = 1.0;
				PRODUCT_BUNDLE_IDENTIFIER = com.zzmasoud.CLOCNotificationManageriOS;
				PRODUCT_NAME = "$(TARGET_NAME:c99extidentifier)";
				SDKROOT = iphoneos;
				SKIP_INSTALL = YES;
				SWIFT_EMIT_LOC_STRINGS = YES;
				SWIFT_OPTIMIZATION_LEVEL = "-Onone";
				SWIFT_VERSION = 5.0;
				TARGETED_DEVICE_FAMILY = "1,2";
			};
			name = Debug;
		};
		048A2EBE296DC420008C904B /* Release */ = {
			isa = XCBuildConfiguration;
			buildSettings = {
				CLANG_ENABLE_MODULES = YES;
				CODE_SIGN_STYLE = Automatic;
				CURRENT_PROJECT_VERSION = 1;
				DEFINES_MODULE = YES;
				DYLIB_COMPATIBILITY_VERSION = 1;
				DYLIB_CURRENT_VERSION = 1;
				DYLIB_INSTALL_NAME_BASE = "@rpath";
				GENERATE_INFOPLIST_FILE = YES;
				INFOPLIST_KEY_NSHumanReadableCopyright = "Copyright © 2023 zzmasoud. All rights reserved.";
				INSTALL_PATH = "$(LOCAL_LIBRARY_DIR)/Frameworks";
				IPHONEOS_DEPLOYMENT_TARGET = 13.0;
				LD_RUNPATH_SEARCH_PATHS = (
					"$(inherited)",
					"@executable_path/Frameworks",
					"@loader_path/Frameworks",
				);
				MARKETING_VERSION = 1.0;
				PRODUCT_BUNDLE_IDENTIFIER = com.zzmasoud.CLOCNotificationManageriOS;
				PRODUCT_NAME = "$(TARGET_NAME:c99extidentifier)";
				SDKROOT = iphoneos;
				SKIP_INSTALL = YES;
				SWIFT_EMIT_LOC_STRINGS = YES;
				SWIFT_VERSION = 5.0;
				TARGETED_DEVICE_FAMILY = "1,2";
				VALIDATE_PRODUCT = YES;
			};
			name = Release;
		};
		048A2EBF296DC420008C904B /* Debug */ = {
			isa = XCBuildConfiguration;
			buildSettings = {
				ALWAYS_EMBED_SWIFT_STANDARD_LIBRARIES = YES;
				CLANG_ENABLE_MODULES = YES;
				CODE_SIGN_STYLE = Automatic;
				CURRENT_PROJECT_VERSION = 1;
				GENERATE_INFOPLIST_FILE = YES;
				IPHONEOS_DEPLOYMENT_TARGET = 13.0;
				LD_RUNPATH_SEARCH_PATHS = (
					"$(inherited)",
					"@executable_path/Frameworks",
					"@loader_path/Frameworks",
				);
				MARKETING_VERSION = 1.0;
				PRODUCT_BUNDLE_IDENTIFIER = com.zzmasoud.CLOCNotificationManageriOSTests;
				PRODUCT_NAME = "$(TARGET_NAME)";
				SDKROOT = iphoneos;
				SWIFT_EMIT_LOC_STRINGS = NO;
				SWIFT_OPTIMIZATION_LEVEL = "-Onone";
				SWIFT_VERSION = 5.0;
				TARGETED_DEVICE_FAMILY = "1,2";
			};
			name = Debug;
		};
		048A2EC0296DC420008C904B /* Release */ = {
			isa = XCBuildConfiguration;
			buildSettings = {
				ALWAYS_EMBED_SWIFT_STANDARD_LIBRARIES = YES;
				CLANG_ENABLE_MODULES = YES;
				CODE_SIGN_STYLE = Automatic;
				CURRENT_PROJECT_VERSION = 1;
				GENERATE_INFOPLIST_FILE = YES;
				IPHONEOS_DEPLOYMENT_TARGET = 13.0;
				LD_RUNPATH_SEARCH_PATHS = (
					"$(inherited)",
					"@executable_path/Frameworks",
					"@loader_path/Frameworks",
				);
				MARKETING_VERSION = 1.0;
				PRODUCT_BUNDLE_IDENTIFIER = com.zzmasoud.CLOCNotificationManageriOSTests;
				PRODUCT_NAME = "$(TARGET_NAME)";
				SDKROOT = iphoneos;
				SWIFT_EMIT_LOC_STRINGS = NO;
				SWIFT_VERSION = 5.0;
				TARGETED_DEVICE_FAMILY = "1,2";
				VALIDATE_PRODUCT = YES;
			};
			name = Release;
		};
/* End XCBuildConfiguration section */

/* Begin XCConfigurationList section */
		04030C07296755E1006EF9BE /* Build configuration list for PBXNativeTarget "CLOCNotificationManagerTests" */ = {
			isa = XCConfigurationList;
			buildConfigurations = (
				04030C08296755E1006EF9BE /* Debug */,
				04030C09296755E1006EF9BE /* Release */,
			);
			defaultConfigurationIsVisible = 0;
			defaultConfigurationName = Release;
		};
		045EB2552960607A00483203 /* Build configuration list for PBXProject "ZZNotificationManager" */ = {
			isa = XCConfigurationList;
			buildConfigurations = (
				045EB26B2960607A00483203 /* Debug */,
				045EB26C2960607A00483203 /* Release */,
			);
			defaultConfigurationIsVisible = 0;
			defaultConfigurationName = Release;
		};
		045EB26D2960607A00483203 /* Build configuration list for PBXNativeTarget "ZZNotificationManager" */ = {
			isa = XCConfigurationList;
			buildConfigurations = (
				045EB26E2960607A00483203 /* Debug */,
				045EB26F2960607A00483203 /* Release */,
			);
			defaultConfigurationIsVisible = 0;
			defaultConfigurationName = Release;
		};
		045EB2702960607A00483203 /* Build configuration list for PBXNativeTarget "ZZNotificationManagerTests" */ = {
			isa = XCConfigurationList;
			buildConfigurations = (
				045EB2712960607A00483203 /* Debug */,
				045EB2722960607A00483203 /* Release */,
			);
			defaultConfigurationIsVisible = 0;
			defaultConfigurationName = Release;
		};
		048A2EC1296DC420008C904B /* Build configuration list for PBXNativeTarget "CLOCNotificationManageriOS" */ = {
			isa = XCConfigurationList;
			buildConfigurations = (
				048A2EBD296DC420008C904B /* Debug */,
				048A2EBE296DC420008C904B /* Release */,
			);
			defaultConfigurationIsVisible = 0;
			defaultConfigurationName = Release;
		};
		048A2EC2296DC420008C904B /* Build configuration list for PBXNativeTarget "CLOCNotificationManageriOSTests" */ = {
			isa = XCConfigurationList;
			buildConfigurations = (
				048A2EBF296DC420008C904B /* Debug */,
				048A2EC0296DC420008C904B /* Release */,
			);
			defaultConfigurationIsVisible = 0;
			defaultConfigurationName = Release;
		};
/* End XCConfigurationList section */
	};
	rootObject = 045EB2522960607A00483203 /* Project object */;
}
